# THIS IS AN AUTOGENERATED FILE. DO NOT EDIT THIS FILE DIRECTLY.
# yarn lockfile v1


strip-json-comments@^5.0:
  version "5.0.0"
  resolved "https://registry.yarnpkg.com/strip-json-comments/-/strip-json-comments-5.0.0.tgz#ec101b766476a703031bc607e3c712569de2aa06"
  integrity sha512-V1LGY4UUo0jgwC+ELQ2BNWfPa17TIuwBLg+j1AA/9RPzKINl1lhxVEu2r+ZTTO8aetIsUzE5Qj6LMSBkoGYKKw==
